
Microsoft Visual Studio Solution File, Format Version 12.00
# Visual Studio Version 16
VisualStudioVersion = 16.0.29326.143
MinimumVisualStudioVersion = 10.0.40219.1
Project("{FAE04EC0-301F-11D3-BF4B-00C04F79EFBC}") = "ALevel_ EFPractise_Feb212020", "ALevel_ EFPractise_Feb212020\ALevel_ EFPractise_Feb212020.csproj", "{C5EFA564-F7DA-4194-A188-19F113D50644}"
EndProject
Project("{FAE04EC0-301F-11D3-BF4B-00C04F79EFBC}") = "EFPractise.DAL", "EFPractise.DAL\EFPractise.DAL.csproj", "{10EEE990-6A1B-44D9-85B8-DFF739131483}"
EndProject
Project("{FAE04EC0-301F-11D3-BF4B-00C04F79EFBC}") = "EFPractise.BLL", "EFPractise.BLL\EFPractise.BLL.csproj", "{D87AD790-5422-4C95-B4FA-A7CFD6C2676B}"
EndProject
Project("{FAE04EC0-301F-11D3-BF4B-00C04F79EFBC}") = "EFPractise.PL", "EFPractise.PL\EFPractise.PL.csproj", "{F2CF0AA2-9BBB-4D2F-8355-CD6535140604}"
EndProject
Project("{FAE04EC0-301F-11D3-BF4B-00C04F79EFBC}") = "EFPractise.Common", "EFPractise.Common\EFPractise.Common.csproj", "{57546059-2544-4D84-A577-B9CC0CBD44FF}"
EndProject
Global
	GlobalSection(SolutionConfigurationPlatforms) = preSolution
		Debug|Any CPU = Debug|Any CPU
		Release|Any CPU = Release|Any CPU
	EndGlobalSection
	GlobalSection(ProjectConfigurationPlatforms) = postSolution
		{C5EFA564-F7DA-4194-A188-19F113D50644}.Debug|Any CPU.ActiveCfg = Debug|Any CPU
		{C5EFA564-F7DA-4194-A188-19F113D50644}.Debug|Any CPU.Build.0 = Debug|Any CPU
		{C5EFA564-F7DA-4194-A188-19F113D50644}.Release|Any CPU.ActiveCfg = Release|Any CPU
		{C5EFA564-F7DA-4194-A188-19F113D50644}.Release|Any CPU.Build.0 = Release|Any CPU
		{10EEE990-6A1B-44D9-85B8-DFF739131483}.Debug|Any CPU.ActiveCfg = Debug|Any CPU
		{10EEE990-6A1B-44D9-85B8-DFF739131483}.Debug|Any CPU.Build.0 = Debug|Any CPU
		{10EEE990-6A1B-44D9-85B8-DFF739131483}.Release|Any CPU.ActiveCfg = Release|Any CPU
		{10EEE990-6A1B-44D9-85B8-DFF739131483}.Release|Any CPU.Build.0 = Release|Any CPU
		{D87AD790-5422-4C95-B4FA-A7CFD6C2676B}.Debug|Any CPU.ActiveCfg = Debug|Any CPU
		{D87AD790-5422-4C95-B4FA-A7CFD6C2676B}.Debug|Any CPU.Build.0 = Debug|Any CPU
		{D87AD790-5422-4C95-B4FA-A7CFD6C2676B}.Release|Any CPU.ActiveCfg = Release|Any CPU
		{D87AD790-5422-4C95-B4FA-A7CFD6C2676B}.Release|Any CPU.Build.0 = Release|Any CPU
		{F2CF0AA2-9BBB-4D2F-8355-CD6535140604}.Debug|Any CPU.ActiveCfg = Debug|Any CPU
		{F2CF0AA2-9BBB-4D2F-8355-CD6535140604}.Debug|Any CPU.Build.0 = Debug|Any CPU
		{F2CF0AA2-9BBB-4D2F-8355-CD6535140604}.Release|Any CPU.ActiveCfg = Release|Any CPU
		{F2CF0AA2-9BBB-4D2F-8355-CD6535140604}.Release|Any CPU.Build.0 = Release|Any CPU
		{57546059-2544-4D84-A577-B9CC0CBD44FF}.Debug|Any CPU.ActiveCfg = Debug|Any CPU
		{57546059-2544-4D84-A577-B9CC0CBD44FF}.Debug|Any CPU.Build.0 = Debug|Any CPU
		{57546059-2544-4D84-A577-B9CC0CBD44FF}.Release|Any CPU.ActiveCfg = Release|Any CPU
		{57546059-2544-4D84-A577-B9CC0CBD44FF}.Release|Any CPU.Build.0 = Release|Any CPU
	EndGlobalSection
	GlobalSection(SolutionProperties) = preSolution
		HideSolutionNode = FALSE
	EndGlobalSection
	GlobalSection(ExtensibilityGlobals) = postSolution
		SolutionGuid = {51F863B2-3B11-48FB-8E37-91B6DE501610}
	EndGlobalSection
EndGlobal
