
Microsoft Visual Studio Solution File, Format Version 12.00
# Visual Studio Version 16
VisualStudioVersion = 16.0.29326.143
MinimumVisualStudioVersion = 10.0.40219.1
Project("{FAE04EC0-301F-11D3-BF4B-00C04F79EFBC}") = "Homework_ALevel_1", "Homework_ALevel_1\Homework_ALevel_1.csproj", "{99FC37BC-DE89-47CD-97EA-A314DE3539A2}"
EndProject
Project("{FAE04EC0-301F-11D3-BF4B-00C04F79EFBC}") = "LibraryForDiscriminantCalculator", "LibraryForDiscriminantCalculator\LibraryForDiscriminantCalculator.csproj", "{C7450720-A418-4388-AD3C-BA60F587DDF2}"
EndProject
Project("{FAE04EC0-301F-11D3-BF4B-00C04F79EFBC}") = "WindowsFormDiscriminant", "WindowsFormDiscriminant\WindowsFormDiscriminant\WindowsFormDiscriminant.csproj", "{C1E21337-FCCF-447A-AD77-E1030DB2DDD6}"
EndProject
Global
	GlobalSection(SolutionConfigurationPlatforms) = preSolution
		Debug|Any CPU = Debug|Any CPU
		Release|Any CPU = Release|Any CPU
	EndGlobalSection
	GlobalSection(ProjectConfigurationPlatforms) = postSolution
		{99FC37BC-DE89-47CD-97EA-A314DE3539A2}.Debug|Any CPU.ActiveCfg = Debug|Any CPU
		{99FC37BC-DE89-47CD-97EA-A314DE3539A2}.Debug|Any CPU.Build.0 = Debug|Any CPU
		{99FC37BC-DE89-47CD-97EA-A314DE3539A2}.Release|Any CPU.ActiveCfg = Release|Any CPU
		{99FC37BC-DE89-47CD-97EA-A314DE3539A2}.Release|Any CPU.Build.0 = Release|Any CPU
		{C7450720-A418-4388-AD3C-BA60F587DDF2}.Debug|Any CPU.ActiveCfg = Debug|Any CPU
		{C7450720-A418-4388-AD3C-BA60F587DDF2}.Debug|Any CPU.Build.0 = Debug|Any CPU
		{C7450720-A418-4388-AD3C-BA60F587DDF2}.Release|Any CPU.ActiveCfg = Release|Any CPU
		{C7450720-A418-4388-AD3C-BA60F587DDF2}.Release|Any CPU.Build.0 = Release|Any CPU
		{C1E21337-FCCF-447A-AD77-E1030DB2DDD6}.Debug|Any CPU.ActiveCfg = Debug|Any CPU
		{C1E21337-FCCF-447A-AD77-E1030DB2DDD6}.Debug|Any CPU.Build.0 = Debug|Any CPU
		{C1E21337-FCCF-447A-AD77-E1030DB2DDD6}.Release|Any CPU.ActiveCfg = Release|Any CPU
		{C1E21337-FCCF-447A-AD77-E1030DB2DDD6}.Release|Any CPU.Build.0 = Release|Any CPU
	EndGlobalSection
	GlobalSection(SolutionProperties) = preSolution
		HideSolutionNode = FALSE
	EndGlobalSection
	GlobalSection(ExtensibilityGlobals) = postSolution
		SolutionGuid = {DDB2AA18-AC82-466D-B2C9-B74A623E7F43}
	EndGlobalSection
EndGlobal
