
Microsoft Visual Studio Solution File, Format Version 12.00
# Visual Studio Version 16
VisualStudioVersion = 16.0.29911.84
MinimumVisualStudioVersion = 10.0.40219.1
Project("{FAE04EC0-301F-11D3-BF4B-00C04F79EFBC}") = "ALevel_Shop.BLL", "ALevel_Shop.BLL\ALevel_Shop.BLL.csproj", "{A79F5BA5-DA56-414A-9F36-F3AFAF36F99F}"
EndProject
Project("{FAE04EC0-301F-11D3-BF4B-00C04F79EFBC}") = "ALevel_Shop_MVC", "ALevel_Shop_MVC\ALevel_Shop_MVC.csproj", "{3EB74872-602B-42C3-893C-A5DB5DCF21B6}"
EndProject
Global
	GlobalSection(SolutionConfigurationPlatforms) = preSolution
		Debug|Any CPU = Debug|Any CPU
		Release|Any CPU = Release|Any CPU
	EndGlobalSection
	GlobalSection(ProjectConfigurationPlatforms) = postSolution
		{A79F5BA5-DA56-414A-9F36-F3AFAF36F99F}.Debug|Any CPU.ActiveCfg = Debug|Any CPU
		{A79F5BA5-DA56-414A-9F36-F3AFAF36F99F}.Debug|Any CPU.Build.0 = Debug|Any CPU
		{A79F5BA5-DA56-414A-9F36-F3AFAF36F99F}.Release|Any CPU.ActiveCfg = Release|Any CPU
		{A79F5BA5-DA56-414A-9F36-F3AFAF36F99F}.Release|Any CPU.Build.0 = Release|Any CPU
		{3EB74872-602B-42C3-893C-A5DB5DCF21B6}.Debug|Any CPU.ActiveCfg = Debug|Any CPU
		{3EB74872-602B-42C3-893C-A5DB5DCF21B6}.Debug|Any CPU.Build.0 = Debug|Any CPU
		{3EB74872-602B-42C3-893C-A5DB5DCF21B6}.Release|Any CPU.ActiveCfg = Release|Any CPU
		{3EB74872-602B-42C3-893C-A5DB5DCF21B6}.Release|Any CPU.Build.0 = Release|Any CPU
	EndGlobalSection
	GlobalSection(SolutionProperties) = preSolution
		HideSolutionNode = FALSE
	EndGlobalSection
	GlobalSection(ExtensibilityGlobals) = postSolution
		SolutionGuid = {F0DA4333-2120-4AB3-BDBA-A57E2BC75975}
	EndGlobalSection
EndGlobal
