
Microsoft Visual Studio Solution File, Format Version 12.00
# Visual Studio Version 16
VisualStudioVersion = 16.0.29911.84
MinimumVisualStudioVersion = 10.0.40219.1
Project("{FAE04EC0-301F-11D3-BF4B-00C04F79EFBC}") = "HomeworkBlog_ALevel.DAL", "HomeworkBlog_ALevel.DLL\HomeworkBlog_ALevel.DAL.csproj", "{B019DA5C-65F3-4D5E-9C74-EDED312840D5}"
EndProject
Project("{FAE04EC0-301F-11D3-BF4B-00C04F79EFBC}") = "HomeworkBlog_ALevel.BLL", "HomeworkBlog_ALevel.BLL\HomeworkBlog_ALevel.BLL.csproj", "{3CCF9C9A-860D-4B94-81EF-60C675A0403A}"
EndProject
Project("{FAE04EC0-301F-11D3-BF4B-00C04F79EFBC}") = "HomeworkBlog", "HomeworkBlog\HomeworkBlog.csproj", "{DBDC04D0-BB94-4AD3-867A-A65BD51BBA24}"
EndProject
Project("{FAE04EC0-301F-11D3-BF4B-00C04F79EFBC}") = "HomeworkBlog_WebAPI", "HomeworkBlog_WebAPI\HomeworkBlog_WebAPI.csproj", "{FA94EDB9-7CBA-4ADC-AE25-60BB86910F0C}"
EndProject
Global
	GlobalSection(SolutionConfigurationPlatforms) = preSolution
		Debug|Any CPU = Debug|Any CPU
		Release|Any CPU = Release|Any CPU
	EndGlobalSection
	GlobalSection(ProjectConfigurationPlatforms) = postSolution
		{B019DA5C-65F3-4D5E-9C74-EDED312840D5}.Debug|Any CPU.ActiveCfg = Debug|Any CPU
		{B019DA5C-65F3-4D5E-9C74-EDED312840D5}.Debug|Any CPU.Build.0 = Debug|Any CPU
		{B019DA5C-65F3-4D5E-9C74-EDED312840D5}.Release|Any CPU.ActiveCfg = Release|Any CPU
		{B019DA5C-65F3-4D5E-9C74-EDED312840D5}.Release|Any CPU.Build.0 = Release|Any CPU
		{3CCF9C9A-860D-4B94-81EF-60C675A0403A}.Debug|Any CPU.ActiveCfg = Debug|Any CPU
		{3CCF9C9A-860D-4B94-81EF-60C675A0403A}.Debug|Any CPU.Build.0 = Debug|Any CPU
		{3CCF9C9A-860D-4B94-81EF-60C675A0403A}.Release|Any CPU.ActiveCfg = Release|Any CPU
		{3CCF9C9A-860D-4B94-81EF-60C675A0403A}.Release|Any CPU.Build.0 = Release|Any CPU
		{DBDC04D0-BB94-4AD3-867A-A65BD51BBA24}.Debug|Any CPU.ActiveCfg = Debug|Any CPU
		{DBDC04D0-BB94-4AD3-867A-A65BD51BBA24}.Debug|Any CPU.Build.0 = Debug|Any CPU
		{DBDC04D0-BB94-4AD3-867A-A65BD51BBA24}.Release|Any CPU.ActiveCfg = Release|Any CPU
		{DBDC04D0-BB94-4AD3-867A-A65BD51BBA24}.Release|Any CPU.Build.0 = Release|Any CPU
		{FA94EDB9-7CBA-4ADC-AE25-60BB86910F0C}.Debug|Any CPU.ActiveCfg = Debug|Any CPU
		{FA94EDB9-7CBA-4ADC-AE25-60BB86910F0C}.Debug|Any CPU.Build.0 = Debug|Any CPU
		{FA94EDB9-7CBA-4ADC-AE25-60BB86910F0C}.Release|Any CPU.ActiveCfg = Release|Any CPU
		{FA94EDB9-7CBA-4ADC-AE25-60BB86910F0C}.Release|Any CPU.Build.0 = Release|Any CPU
	EndGlobalSection
	GlobalSection(SolutionProperties) = preSolution
		HideSolutionNode = FALSE
	EndGlobalSection
	GlobalSection(ExtensibilityGlobals) = postSolution
		SolutionGuid = {67A71E02-9A11-4E32-BB6C-9763B1B27A6D}
	EndGlobalSection
EndGlobal
