
Microsoft Visual Studio Solution File, Format Version 12.00
# Visual Studio Version 16
VisualStudioVersion = 16.0.29326.143
MinimumVisualStudioVersion = 10.0.40219.1
Project("{FAE04EC0-301F-11D3-BF4B-00C04F79EFBC}") = "FizzBuzzH", "FizzBuzzH\FizzBuzzH.csproj", "{49D4F3CB-A278-4238-AA77-0C376EA569D2}"
EndProject
Project("{FAE04EC0-301F-11D3-BF4B-00C04F79EFBC}") = "Hometask_2Library", "Hometask_2Library\Hometask_2Library.csproj", "{7D09561F-B476-4938-A1B5-59FED2DCA400}"
EndProject
Project("{FAE04EC0-301F-11D3-BF4B-00C04F79EFBC}") = "TaskAboutSkier_1", "TaskAboutSkier_1\TaskAboutSkier_1.csproj", "{73469D59-9260-484F-8E6F-26D74B49A7AF}"
EndProject
Global
	GlobalSection(SolutionConfigurationPlatforms) = preSolution
		Debug|Any CPU = Debug|Any CPU
		Release|Any CPU = Release|Any CPU
	EndGlobalSection
	GlobalSection(ProjectConfigurationPlatforms) = postSolution
		{49D4F3CB-A278-4238-AA77-0C376EA569D2}.Debug|Any CPU.ActiveCfg = Debug|Any CPU
		{49D4F3CB-A278-4238-AA77-0C376EA569D2}.Debug|Any CPU.Build.0 = Debug|Any CPU
		{49D4F3CB-A278-4238-AA77-0C376EA569D2}.Release|Any CPU.ActiveCfg = Release|Any CPU
		{49D4F3CB-A278-4238-AA77-0C376EA569D2}.Release|Any CPU.Build.0 = Release|Any CPU
		{7D09561F-B476-4938-A1B5-59FED2DCA400}.Debug|Any CPU.ActiveCfg = Debug|Any CPU
		{7D09561F-B476-4938-A1B5-59FED2DCA400}.Debug|Any CPU.Build.0 = Debug|Any CPU
		{7D09561F-B476-4938-A1B5-59FED2DCA400}.Release|Any CPU.ActiveCfg = Release|Any CPU
		{7D09561F-B476-4938-A1B5-59FED2DCA400}.Release|Any CPU.Build.0 = Release|Any CPU
		{73469D59-9260-484F-8E6F-26D74B49A7AF}.Debug|Any CPU.ActiveCfg = Debug|Any CPU
		{73469D59-9260-484F-8E6F-26D74B49A7AF}.Debug|Any CPU.Build.0 = Debug|Any CPU
		{73469D59-9260-484F-8E6F-26D74B49A7AF}.Release|Any CPU.ActiveCfg = Release|Any CPU
		{73469D59-9260-484F-8E6F-26D74B49A7AF}.Release|Any CPU.Build.0 = Release|Any CPU
	EndGlobalSection
	GlobalSection(SolutionProperties) = preSolution
		HideSolutionNode = FALSE
	EndGlobalSection
	GlobalSection(ExtensibilityGlobals) = postSolution
		SolutionGuid = {E80AAB55-4AF3-4D7B-840C-C226EFD28ED6}
	EndGlobalSection
EndGlobal
